
Microsoft Visual Studio Solution File, Format Version 12.00
# Visual Studio Version 17
VisualStudioVersion = 17.5.33530.505
MinimumVisualStudioVersion = 10.0.40219.1
Project("{FAE04EC0-301F-11D3-BF4B-00C04F79EFBC}") = "PvsNP", "PvsNP\PvsNP.csproj", "{80C3EF88-99FD-420D-8CB1-3A7F8EF7AE5D}"
EndProject
Global
	GlobalSection(SolutionConfigurationPlatforms) = preSolution
		Debug|Any CPU = Debug|Any CPU
		Release|Any CPU = Release|Any CPU
	EndGlobalSection
	GlobalSection(ProjectConfigurationPlatforms) = postSolution
		{80C3EF88-99FD-420D-8CB1-3A7F8EF7AE5D}.Debug|Any CPU.ActiveCfg = Debug|Any CPU
		{80C3EF88-99FD-420D-8CB1-3A7F8EF7AE5D}.Debug|Any CPU.Build.0 = Debug|Any CPU
		{80C3EF88-99FD-420D-8CB1-3A7F8EF7AE5D}.Release|Any CPU.ActiveCfg = Release|Any CPU
		{80C3EF88-99FD-420D-8CB1-3A7F8EF7AE5D}.Release|Any CPU.Build.0 = Release|Any CPU
	EndGlobalSection
	GlobalSection(SolutionProperties) = preSolution
		HideSolutionNode = FALSE
	EndGlobalSection
	GlobalSection(ExtensibilityGlobals) = postSolution
		SolutionGuid = {51515595-A33C-4AE4-8E46-8702E868B3A6}
	EndGlobalSection
EndGlobal
